
Microsoft Visual Studio Solution File, Format Version 11.00
# Visual Studio 2010
Project("{FAE04EC0-301F-11D3-BF4B-00C04F79EFBC}") = "Mvc4WebApiRavenDb", "Mvc4WebApiRavenDb\Mvc4WebApiRavenDb.csproj", "{F711E246-2582-49AD-9D01-DCD95EC14A2B}"
EndProject
Global
	GlobalSection(SolutionConfigurationPlatforms) = preSolution
		Debug|Any CPU = Debug|Any CPU
		Release|Any CPU = Release|Any CPU
	EndGlobalSection
	GlobalSection(ProjectConfigurationPlatforms) = postSolution
		{F711E246-2582-49AD-9D01-DCD95EC14A2B}.Debug|Any CPU.ActiveCfg = Debug|Any CPU
		{F711E246-2582-49AD-9D01-DCD95EC14A2B}.Debug|Any CPU.Build.0 = Debug|Any CPU
		{F711E246-2582-49AD-9D01-DCD95EC14A2B}.Release|Any CPU.ActiveCfg = Release|Any CPU
		{F711E246-2582-49AD-9D01-DCD95EC14A2B}.Release|Any CPU.Build.0 = Release|Any CPU
	EndGlobalSection
	GlobalSection(SolutionProperties) = preSolution
		HideSolutionNode = FALSE
	EndGlobalSection
EndGlobal
